
Microsoft Visual Studio Solution File, Format Version 12.00
# Visual Studio Version 16
VisualStudioVersion = 16.0.29613.14
MinimumVisualStudioVersion = 10.0.40219.1
Project("{FAE04EC0-301F-11D3-BF4B-00C04F79EFBC}") = "DPPMAIN", "DPPMAIN.csproj", "{2577DEC6-54A1-4391-A7CC-2C6B8BE6E540}"
EndProject
Global
	GlobalSection(SolutionConfigurationPlatforms) = preSolution
		Debug|Any CPU = Debug|Any CPU
		Release|Any CPU = Release|Any CPU
	EndGlobalSection
	GlobalSection(ProjectConfigurationPlatforms) = postSolution
		{2577DEC6-54A1-4391-A7CC-2C6B8BE6E540}.Debug|Any CPU.ActiveCfg = Debug|Any CPU
		{2577DEC6-54A1-4391-A7CC-2C6B8BE6E540}.Debug|Any CPU.Build.0 = Debug|Any CPU
		{2577DEC6-54A1-4391-A7CC-2C6B8BE6E540}.Release|Any CPU.ActiveCfg = Release|Any CPU
		{2577DEC6-54A1-4391-A7CC-2C6B8BE6E540}.Release|Any CPU.Build.0 = Release|Any CPU
	EndGlobalSection
	GlobalSection(SolutionProperties) = preSolution
		HideSolutionNode = FALSE
	EndGlobalSection
	GlobalSection(ExtensibilityGlobals) = postSolution
		SolutionGuid = {20555C65-4972-411C-9589-0C640BA8D2BA}
	EndGlobalSection
EndGlobal
